// !$*UTF8*$!
{
	archiveVersion = 1;
	classes = {
	};
	objectVersion = 46;
	objects = {

/* Begin PBXBuildFile section */
		3A0E80E31C05042B008FF50C /* Main.storyboard in Resources */ = {isa = PBXBuildFile; fileRef = 3A0E80E11C05042B008FF50C /* Main.storyboard */; };
		3A6C83871C03AB1800DE011F /* GoalController.swift in Sources */ = {isa = PBXBuildFile; fileRef = 3A6C83861C03AB1800DE011F /* GoalController.swift */; };
		3A74343B1C0098E000EFFB2D /* AppDelegate.swift in Sources */ = {isa = PBXBuildFile; fileRef = 3A74343A1C0098E000EFFB2D /* AppDelegate.swift */; };
		3A74343E1C0098E000EFFB2D /* LiveScore.xcdatamodeld in Sources */ = {isa = PBXBuildFile; fileRef = 3A74343C1C0098E000EFFB2D /* LiveScore.xcdatamodeld */; };
		3A7434401C0098E000EFFB2D /* MasterViewController.swift in Sources */ = {isa = PBXBuildFile; fileRef = 3A74343F1C0098E000EFFB2D /* MasterViewController.swift */; };
		3A7434421C0098E000EFFB2D /* DetailViewController.swift in Sources */ = {isa = PBXBuildFile; fileRef = 3A7434411C0098E000EFFB2D /* DetailViewController.swift */; };
		3A7434471C0098E000EFFB2D /* Assets.xcassets in Resources */ = {isa = PBXBuildFile; fileRef = 3A7434461C0098E000EFFB2D /* Assets.xcassets */; };
		3A7434521C00995500EFFB2D /* Default-568h@2x.png in Resources */ = {isa = PBXBuildFile; fileRef = 3A7434511C00995500EFFB2D /* Default-568h@2x.png */; };
		3A7434561C0099BA00EFFB2D /* Match.swift in Sources */ = {isa = PBXBuildFile; fileRef = 3A7434531C0099BA00EFFB2D /* Match.swift */; };
		3A7434571C0099BA00EFFB2D /* Player.swift in Sources */ = {isa = PBXBuildFile; fileRef = 3A7434541C0099BA00EFFB2D /* Player.swift */; };
		3A7434581C0099BA00EFFB2D /* Squad.swift in Sources */ = {isa = PBXBuildFile; fileRef = 3A7434551C0099BA00EFFB2D /* Squad.swift */; };
		3A74345A1C00E52C00EFFB2D /* Goal.swift in Sources */ = {isa = PBXBuildFile; fileRef = 3A7434591C00E52C00EFFB2D /* Goal.swift */; };
/* End PBXBuildFile section */

/* Begin PBXFileReference section */
		3A0E80E21C05042B008FF50C /* Base */ = {isa = PBXFileReference; lastKnownFileType = file.storyboard; name = Base; path = Base.lproj/Main.storyboard; sourceTree = "<group>"; };
		3A6C83861C03AB1800DE011F /* GoalController.swift */ = {isa = PBXFileReference; fileEncoding = 4; lastKnownFileType = sourcecode.swift; path = GoalController.swift; sourceTree = "<group>"; };
		3A7434371C0098E000EFFB2D /* LiveScore.app */ = {isa = PBXFileReference; explicitFileType = wrapper.application; includeInIndex = 0; path = LiveScore.app; sourceTree = BUILT_PRODUCTS_DIR; };
		3A74343A1C0098E000EFFB2D /* AppDelegate.swift */ = {isa = PBXFileReference; lastKnownFileType = sourcecode.swift; path = AppDelegate.swift; sourceTree = "<group>"; };
		3A74343D1C0098E000EFFB2D /* LiveScore.xcdatamodel */ = {isa = PBXFileReference; lastKnownFileType = wrapper.xcdatamodel; path = LiveScore.xcdatamodel; sourceTree = "<group>"; };
		3A74343F1C0098E000EFFB2D /* MasterViewController.swift */ = {isa = PBXFileReference; lastKnownFileType = sourcecode.swift; path = MasterViewController.swift; sourceTree = "<group>"; };
		3A7434411C0098E000EFFB2D /* DetailViewController.swift */ = {isa = PBXFileReference; lastKnownFileType = sourcecode.swift; path = DetailViewController.swift; sourceTree = "<group>"; };
		3A7434461C0098E000EFFB2D /* Assets.xcassets */ = {isa = PBXFileReference; lastKnownFileType = folder.assetcatalog; path = Assets.xcassets; sourceTree = "<group>"; };
		3A74344B1C0098E000EFFB2D /* Info.plist */ = {isa = PBXFileReference; lastKnownFileType = text.plist.xml; path = Info.plist; sourceTree = "<group>"; };
		3A7434511C00995500EFFB2D /* Default-568h@2x.png */ = {isa = PBXFileReference; lastKnownFileType = image.png; path = "Default-568h@2x.png"; sourceTree = "<group>"; };
		3A7434531C0099BA00EFFB2D /* Match.swift */ = {isa = PBXFileReference; fileEncoding = 4; lastKnownFileType = sourcecode.swift; path = Match.swift; sourceTree = "<group>"; };
		3A7434541C0099BA00EFFB2D /* Player.swift */ = {isa = PBXFileReference; fileEncoding = 4; lastKnownFileType = sourcecode.swift; path = Player.swift; sourceTree = "<group>"; };
		3A7434551C0099BA00EFFB2D /* Squad.swift */ = {isa = PBXFileReference; fileEncoding = 4; lastKnownFileType = sourcecode.swift; path = Squad.swift; sourceTree = "<group>"; };
		3A7434591C00E52C00EFFB2D /* Goal.swift */ = {isa = PBXFileReference; fileEncoding = 4; lastKnownFileType = sourcecode.swift; path = Goal.swift; sourceTree = "<group>"; };
/* End PBXFileReference section */

/* Begin PBXFrameworksBuildPhase section */
		3A7434341C0098E000EFFB2D /* Frameworks */ = {
			isa = PBXFrameworksBuildPhase;
			buildActionMask = 2147483647;
			files = (
			);
			runOnlyForDeploymentPostprocessing = 0;
		};
/* End PBXFrameworksBuildPhase section */

/* Begin PBXGroup section */
		3A74342E1C0098E000EFFB2D = {
			isa = PBXGroup;
			children = (
				3A7434511C00995500EFFB2D /* Default-568h@2x.png */,
				3A7434391C0098E000EFFB2D /* LiveScore */,
				3A7434381C0098E000EFFB2D /* Products */,
			);
			sourceTree = "<group>";
		};
		3A7434381C0098E000EFFB2D /* Products */ = {
			isa = PBXGroup;
			children = (
				3A7434371C0098E000EFFB2D /* LiveScore.app */,
			);
			name = Products;
			sourceTree = "<group>";
		};
		3A7434391C0098E000EFFB2D /* LiveScore */ = {
			isa = PBXGroup;
			children = (
				3A0E80E11C05042B008FF50C /* Main.storyboard */,
				3A6C83861C03AB1800DE011F /* GoalController.swift */,
				3A7434531C0099BA00EFFB2D /* Match.swift */,
				3A7434541C0099BA00EFFB2D /* Player.swift */,
				3A7434551C0099BA00EFFB2D /* Squad.swift */,
				3A74343A1C0098E000EFFB2D /* AppDelegate.swift */,
				3A74343F1C0098E000EFFB2D /* MasterViewController.swift */,
				3A7434411C0098E000EFFB2D /* DetailViewController.swift */,
				3A7434461C0098E000EFFB2D /* Assets.xcassets */,
				3A74344B1C0098E000EFFB2D /* Info.plist */,
				3A74343C1C0098E000EFFB2D /* LiveScore.xcdatamodeld */,
				3A7434591C00E52C00EFFB2D /* Goal.swift */,
			);
			path = LiveScore;
			sourceTree = "<group>";
		};
/* End PBXGroup section */

/* Begin PBXNativeTarget section */
		3A7434361C0098E000EFFB2D /* LiveScore */ = {
			isa = PBXNativeTarget;
			buildConfigurationList = 3A74344E1C0098E000EFFB2D /* Build configuration list for PBXNativeTarget "LiveScore" */;
			buildPhases = (
				3A7434331C0098E000EFFB2D /* Sources */,
				3A7434341C0098E000EFFB2D /* Frameworks */,
				3A7434351C0098E000EFFB2D /* Resources */,
			);
			buildRules = (
			);
			dependencies = (
			);
			name = LiveScore;
			productName = LiveScore;
			productReference = 3A7434371C0098E000EFFB2D /* LiveScore.app */;
			productType = "com.apple.product-type.application";
		};
/* End PBXNativeTarget section */

/* Begin PBXProject section */
		3A74342F1C0098E000EFFB2D /* Project object */ = {
			isa = PBXProject;
			attributes = {
				LastSwiftUpdateCheck = 0710;
				LastUpgradeCheck = 0710;
				ORGANIZATIONNAME = "Martin van Amersfoorth";
				TargetAttributes = {
					3A7434361C0098E000EFFB2D = {
						CreatedOnToolsVersion = 7.1.1;
						DevelopmentTeam = A43J6J53E9;
					};
				};
			};
			buildConfigurationList = 3A7434321C0098E000EFFB2D /* Build configuration list for PBXProject "LiveScore" */;
			compatibilityVersion = "Xcode 3.2";
			developmentRegion = English;
			hasScannedForEncodings = 0;
			knownRegions = (
				en,
				Base,
			);
			mainGroup = 3A74342E1C0098E000EFFB2D;
			productRefGroup = 3A7434381C0098E000EFFB2D /* Products */;
			projectDirPath = "";
			projectRoot = "";
			targets = (
				3A7434361C0098E000EFFB2D /* LiveScore */,
			);
		};
/* End PBXProject section */

/* Begin PBXResourcesBuildPhase section */
		3A7434351C0098E000EFFB2D /* Resources */ = {
			isa = PBXResourcesBuildPhase;
			buildActionMask = 2147483647;
			files = (
				3A0E80E31C05042B008FF50C /* Main.storyboard in Resources */,
				3A7434471C0098E000EFFB2D /* Assets.xcassets in Resources */,
				3A7434521C00995500EFFB2D /* Default-568h@2x.png in Resources */,
			);
			runOnlyForDeploymentPostprocessing = 0;
		};
/* End PBXResourcesBuildPhase section */

/* Begin PBXSourcesBuildPhase section */
		3A7434331C0098E000EFFB2D /* Sources */ = {
			isa = PBXSourcesBuildPhase;
			buildActionMask = 2147483647;
			files = (
				3A74345A1C00E52C00EFFB2D /* Goal.swift in Sources */,
				3A74343E1C0098E000EFFB2D /* LiveScore.xcdatamodeld in Sources */,
				3A6C83871C03AB1800DE011F /* GoalController.swift in Sources */,
				3A74343B1C0098E000EFFB2D /* AppDelegate.swift in Sources */,
				3A7434401C0098E000EFFB2D /* MasterViewController.swift in Sources */,
				3A7434561C0099BA00EFFB2D /* Match.swift in Sources */,
				3A7434571C0099BA00EFFB2D /* Player.swift in Sources */,
				3A7434581C0099BA00EFFB2D /* Squad.swift in Sources */,
				3A7434421C0098E000EFFB2D /* DetailViewController.swift in Sources */,
			);
			runOnlyForDeploymentPostprocessing = 0;
		};
/* End PBXSourcesBuildPhase section */

/* Begin PBXVariantGroup section */
		3A0E80E11C05042B008FF50C /* Main.storyboard */ = {
			isa = PBXVariantGroup;
			children = (
				3A0E80E21C05042B008FF50C /* Base */,
			);
			name = Main.storyboard;
			sourceTree = "<group>";
		};
/* End PBXVariantGroup section */

/* Begin XCBuildConfiguration section */
		3A74344C1C0098E000EFFB2D /* Debug */ = {
			isa = XCBuildConfiguration;
			buildSettings = {
				ALWAYS_SEARCH_USER_PATHS = NO;
				CLANG_CXX_LANGUAGE_STANDARD = "gnu++0x";
				CLANG_CXX_LIBRARY = "libc++";
				CLANG_ENABLE_MODULES = YES;
				CLANG_ENABLE_OBJC_ARC = YES;
				CLANG_WARN_BOOL_CONVERSION = YES;
				CLANG_WARN_CONSTANT_CONVERSION = YES;
				CLANG_WARN_DIRECT_OBJC_ISA_USAGE = YES_ERROR;
				CLANG_WARN_EMPTY_BODY = YES;
				CLANG_WARN_ENUM_CONVERSION = YES;
				CLANG_WARN_INT_CONVERSION = YES;
				CLANG_WARN_OBJC_ROOT_CLASS = YES_ERROR;
				CLANG_WARN_UNREACHABLE_CODE = YES;
				CLANG_WARN__DUPLICATE_METHOD_MATCH = YES;
				"CODE_SIGN_IDENTITY[sdk=iphoneos*]" = "iPhone Developer";
				COPY_PHASE_STRIP = NO;
				DEBUG_INFORMATION_FORMAT = dwarf;
				ENABLE_STRICT_OBJC_MSGSEND = YES;
				ENABLE_TESTABILITY = YES;
				GCC_C_LANGUAGE_STANDARD = gnu99;
				GCC_DYNAMIC_NO_PIC = NO;
				GCC_NO_COMMON_BLOCKS = YES;
				GCC_OPTIMIZATION_LEVEL = 0;
				GCC_PREPROCESSOR_DEFINITIONS = (
					"DEBUG=1",
					"$(inherited)",
				);
				GCC_WARN_64_TO_32_BIT_CONVERSION = YES;
				GCC_WARN_ABOUT_RETURN_TYPE = YES_ERROR;
				GCC_WARN_UNDECLARED_SELECTOR = YES;
				GCC_WARN_UNINITIALIZED_AUTOS = YES_AGGRESSIVE;
				GCC_WARN_UNUSED_FUNCTION = YES;
				GCC_WARN_UNUSED_VARIABLE = YES;
				IPHONEOS_DEPLOYMENT_TARGET = 9.1;
				MTL_ENABLE_DEBUG_INFO = YES;
				ONLY_ACTIVE_ARCH = YES;
				SDKROOT = iphoneos;
				SWIFT_OPTIMIZATION_LEVEL = "-Onone";
			};
			name = Debug;
		};
		3A74344D1C0098E000EFFB2D /* Release */ = {
			isa = XCBuildConfiguration;
			buildSettings = {
				ALWAYS_SEARCH_USER_PATHS = NO;
				CLANG_CXX_LANGUAGE_STANDARD = "gnu++0x";
				CLANG_CXX_LIBRARY = "libc++";
				CLANG_ENABLE_MODULES = YES;
				CLANG_ENABLE_OBJC_ARC = YES;
				CLANG_WARN_BOOL_CONVERSION = YES;
				CLANG_WARN_CONSTANT_CONVERSION = YES;
				CLANG_WARN_DIRECT_OBJC_ISA_USAGE = YES_ERROR;
				CLANG_WARN_EMPTY_BODY = YES;
				CLANG_WARN_ENUM_CONVERSION = YES;
				CLANG_WARN_INT_CONVERSION = YES;
				CLANG_WARN_OBJC_ROOT_CLASS = YES_ERROR;
				CLANG_WARN_UNREACHABLE_CODE = YES;
				CLANG_WARN__DUPLICATE_METHOD_MATCH = YES;
				"CODE_SIGN_IDENTITY[sdk=iphoneos*]" = "iPhone Developer";
				COPY_PHASE_STRIP = NO;
				DEBUG_INFORMATION_FORMAT = "dwarf-with-dsym";
				ENABLE_NS_ASSERTIONS = NO;
				ENABLE_STRICT_OBJC_MSGSEND = YES;
				GCC_C_LANGUAGE_STANDARD = gnu99;
				GCC_NO_COMMON_BLOCKS = YES;
				GCC_WARN_64_TO_32_BIT_CONVERSION = YES;
				GCC_WARN_ABOUT_RETURN_TYPE = YES_ERROR;
				GCC_WARN_UNDECLARED_SELECTOR = YES;
				GCC_WARN_UNINITIALIZED_AUTOS = YES_AGGRESSIVE;
				GCC_WARN_UNUSED_FUNCTION = YES;
				GCC_WARN_UNUSED_VARIABLE = YES;
				IPHONEOS_DEPLOYMENT_TARGET = 9.1;
				MTL_ENABLE_DEBUG_INFO = NO;
				SDKROOT = iphoneos;
				VALIDATE_PRODUCT = YES;
			};
			name = Release;
		};
		3A74344F1C0098E000EFFB2D /* Debug */ = {
			isa = XCBuildConfiguration;
			buildSettings = {
				ASSETCATALOG_COMPILER_APPICON_NAME = AppIcon;
				CODE_SIGN_IDENTITY = "iPhone Developer";
				INFOPLIST_FILE = LiveScore/Info.plist;
				LD_RUNPATH_SEARCH_PATHS = "$(inherited) @executable_path/Frameworks";
				PRODUCT_BUNDLE_IDENTIFIER = mamersfo.LiveScore;
				PRODUCT_NAME = "$(TARGET_NAME)";
			};
			name = Debug;
		};
		3A7434501C0098E000EFFB2D /* Release */ = {
			isa = XCBuildConfiguration;
			buildSettings = {
				ASSETCATALOG_COMPILER_APPICON_NAME = AppIcon;
				CODE_SIGN_IDENTITY = "iPhone Developer";
				INFOPLIST_FILE = LiveScore/Info.plist;
				LD_RUNPATH_SEARCH_PATHS = "$(inherited) @executable_path/Frameworks";
				PRODUCT_BUNDLE_IDENTIFIER = mamersfo.LiveScore;
				PRODUCT_NAME = "$(TARGET_NAME)";
			};
			name = Release;
		};
/* End XCBuildConfiguration section */

/* Begin XCConfigurationList section */
		3A7434321C0098E000EFFB2D /* Build configuration list for PBXProject "LiveScore" */ = {
			isa = XCConfigurationList;
			buildConfigurations = (
				3A74344C1C0098E000EFFB2D /* Debug */,
				3A74344D1C0098E000EFFB2D /* Release */,
			);
			defaultConfigurationIsVisible = 0;
			defaultConfigurationName = Release;
		};
		3A74344E1C0098E000EFFB2D /* Build configuration list for PBXNativeTarget "LiveScore" */ = {
			isa = XCConfigurationList;
			buildConfigurations = (
				3A74344F1C0098E000EFFB2D /* Debug */,
				3A7434501C0098E000EFFB2D /* Release */,
			);
			defaultConfigurationIsVisible = 0;
			defaultConfigurationName = Release;
		};
/* End XCConfigurationList section */

/* Begin XCVersionGroup section */
		3A74343C1C0098E000EFFB2D /* LiveScore.xcdatamodeld */ = {
			isa = XCVersionGroup;
			children = (
				3A74343D1C0098E000EFFB2D /* LiveScore.xcdatamodel */,
			);
			currentVersion = 3A74343D1C0098E000EFFB2D /* LiveScore.xcdatamodel */;
			path = LiveScore.xcdatamodeld;
			sourceTree = "<group>";
			versionGroupType = wrapper.xcdatamodel;
		};
/* End XCVersionGroup section */
	};
	rootObject = 3A74342F1C0098E000EFFB2D /* Project object */;
}
